
Microsoft Visual Studio Solution File, Format Version 12.00
Project("{FAE04EC0-301F-11D3-BF4B-00C04F79EFBC}") = "ChatBot", "ChatBot.csproj", "{097048B1-E848-4D75-98EF-FD6370C32572}"
EndProject
Global
	GlobalSection(SolutionConfigurationPlatforms) = preSolution
		Debug|Any CPU = Debug|Any CPU
		Release|Any CPU = Release|Any CPU
	EndGlobalSection
	GlobalSection(ProjectConfigurationPlatforms) = postSolution
		{097048B1-E848-4D75-98EF-FD6370C32572}.Debug|Any CPU.ActiveCfg = Debug|Any CPU
		{097048B1-E848-4D75-98EF-FD6370C32572}.Debug|Any CPU.Build.0 = Debug|Any CPU
		{097048B1-E848-4D75-98EF-FD6370C32572}.Release|Any CPU.ActiveCfg = Release|Any CPU
		{097048B1-E848-4D75-98EF-FD6370C32572}.Release|Any CPU.Build.0 = Release|Any CPU
	EndGlobalSection
EndGlobal
